// !$*UTF8*$!
{
	archiveVersion = 1;
	classes = {
	};
	objectVersion = 55;
	objects = {

/* Begin PBXBuildFile section */
		A80AAF972876508400795C87 /* ShopAnnotationView.swift in Sources */ = {isa = PBXBuildFile; fileRef = A80AAF962876508400795C87 /* ShopAnnotationView.swift */; };
		A8CBA576287BAF3800BC2DC1 /* BakeryAnnotationView.swift in Sources */ = {isa = PBXBuildFile; fileRef = A8CBA569287BAF3800BC2DC1 /* BakeryAnnotationView.swift */; };
		A8CBA577287BAF3800BC2DC1 /* ChineseFoodAnnotationView.swift in Sources */ = {isa = PBXBuildFile; fileRef = A8CBA56A287BAF3800BC2DC1 /* ChineseFoodAnnotationView.swift */; };
		A8CBA578287BAF3800BC2DC1 /* FlourBasedFoodAnnotationView.swift in Sources */ = {isa = PBXBuildFile; fileRef = A8CBA56B287BAF3800BC2DC1 /* FlourBasedFoodAnnotationView.swift */; };
		A8CBA579287BAF3800BC2DC1 /* BathAnnotationView.swift in Sources */ = {isa = PBXBuildFile; fileRef = A8CBA56C287BAF3800BC2DC1 /* BathAnnotationView.swift */; };
		A8CBA57A287BAF3800BC2DC1 /* JapaneseFoodAnnotationView.swift in Sources */ = {isa = PBXBuildFile; fileRef = A8CBA56D287BAF3800BC2DC1 /* JapaneseFoodAnnotationView.swift */; };
		A8CBA57C287BAF3800BC2DC1 /* CafeAnnotationView.swift in Sources */ = {isa = PBXBuildFile; fileRef = A8CBA56F287BAF3800BC2DC1 /* CafeAnnotationView.swift */; };
		A8CBA57D287BAF3800BC2DC1 /* SkinCareAnnotationView.swift in Sources */ = {isa = PBXBuildFile; fileRef = A8CBA570287BAF3800BC2DC1 /* SkinCareAnnotationView.swift */; };
		A8CBA57E287BAF3800BC2DC1 /* KoreanFoodAnnotationView.swift in Sources */ = {isa = PBXBuildFile; fileRef = A8CBA571287BAF3800BC2DC1 /* KoreanFoodAnnotationView.swift */; };
		A8CBA57F287BAF3800BC2DC1 /* ClusteringAnnotationView.swift in Sources */ = {isa = PBXBuildFile; fileRef = A8CBA572287BAF3800BC2DC1 /* ClusteringAnnotationView.swift */; };
		A8CBA580287BAF3800BC2DC1 /* CleaningAnnotationView.swift in Sources */ = {isa = PBXBuildFile; fileRef = A8CBA573287BAF3800BC2DC1 /* CleaningAnnotationView.swift */; };
		A8CBA581287BAF3800BC2DC1 /* WesternFoodAnnotationView.swift in Sources */ = {isa = PBXBuildFile; fileRef = A8CBA574287BAF3800BC2DC1 /* WesternFoodAnnotationView.swift */; };
		A8CBA582287BAF3800BC2DC1 /* HairCutAnnotationView.swift in Sources */ = {isa = PBXBuildFile; fileRef = A8CBA575287BAF3800BC2DC1 /* HairCutAnnotationView.swift */; };
		A8E74E6D286BFA8A000DB2B8 /* AppDelegate.swift in Sources */ = {isa = PBXBuildFile; fileRef = A8E74E6C286BFA8A000DB2B8 /* AppDelegate.swift */; };
		A8E74E6F286BFA8A000DB2B8 /* SceneDelegate.swift in Sources */ = {isa = PBXBuildFile; fileRef = A8E74E6E286BFA8A000DB2B8 /* SceneDelegate.swift */; };
		A8E74E71286BFA8A000DB2B8 /* MapViewController.swift in Sources */ = {isa = PBXBuildFile; fileRef = A8E74E70286BFA8A000DB2B8 /* MapViewController.swift */; };
		A8E74E74286BFA8A000DB2B8 /* Main.storyboard in Resources */ = {isa = PBXBuildFile; fileRef = A8E74E72286BFA8A000DB2B8 /* Main.storyboard */; };
		A8E74E76286BFA8B000DB2B8 /* Assets.xcassets in Resources */ = {isa = PBXBuildFile; fileRef = A8E74E75286BFA8B000DB2B8 /* Assets.xcassets */; };
		A8E74E79286BFA8B000DB2B8 /* LaunchScreen.storyboard in Resources */ = {isa = PBXBuildFile; fileRef = A8E74E77286BFA8B000DB2B8 /* LaunchScreen.storyboard */; };
		A8E74E86286BFB90000DB2B8 /* MapViewModel.swift in Sources */ = {isa = PBXBuildFile; fileRef = A8E74E85286BFB90000DB2B8 /* MapViewModel.swift */; };
		A8E74E88286BFBA5000DB2B8 /* MapModel.swift in Sources */ = {isa = PBXBuildFile; fileRef = A8E74E87286BFBA5000DB2B8 /* MapModel.swift */; };
		A8E74E8A286BFBB5000DB2B8 /* Shop.swift in Sources */ = {isa = PBXBuildFile; fileRef = A8E74E89286BFBB5000DB2B8 /* Shop.swift */; };
		DA34E7062873C7640038EDE4 /* ShopCategory.swift in Sources */ = {isa = PBXBuildFile; fileRef = DA34E7052873C7630038EDE4 /* ShopCategory.swift */; };
		DA34E7092873D9DD0038EDE4 /* LocationManager.swift in Sources */ = {isa = PBXBuildFile; fileRef = DA34E7082873D9DD0038EDE4 /* LocationManager.swift */; };
		DA34E70B2873DBDC0038EDE4 /* ShopAnnotation.swift in Sources */ = {isa = PBXBuildFile; fileRef = DA34E70A2873DBDC0038EDE4 /* ShopAnnotation.swift */; };
		DA4A1986287A9583004E019F /* ModalViewController.swift in Sources */ = {isa = PBXBuildFile; fileRef = DA4A1985287A9583004E019F /* ModalViewController.swift */; };
		DA4A1988287A9596004E019F /* DefaultModalViewController.swift in Sources */ = {isa = PBXBuildFile; fileRef = DA4A1987287A9596004E019F /* DefaultModalViewController.swift */; };
		DA4A198A287A95B0004E019F /* DetailModalViewController.swift in Sources */ = {isa = PBXBuildFile; fileRef = DA4A1989287A95B0004E019F /* DetailModalViewController.swift */; };
		DA4A198C287A95C4004E019F /* CategoryModalViewController.swift in Sources */ = {isa = PBXBuildFile; fileRef = DA4A198B287A95C4004E019F /* CategoryModalViewController.swift */; };
		DA4A198E287A95D9004E019F /* ModalHeight.swift in Sources */ = {isa = PBXBuildFile; fileRef = DA4A198D287A95D9004E019F /* ModalHeight.swift */; };
		DAB6043A286C26D20039C969 /* DaeguGoodPriceShop.json in Resources */ = {isa = PBXBuildFile; fileRef = DAB60439286C26D20039C969 /* DaeguGoodPriceShop.json */; };
		F240E3FD287C55850033A8FA /* DetailCategoryViewCell.swift in Sources */ = {isa = PBXBuildFile; fileRef = F240E3FC287C55850033A8FA /* DetailCategoryViewCell.swift */; };
		F2806FE1287BCAC1005EA0CD /* DataItem.swift in Sources */ = {isa = PBXBuildFile; fileRef = F2806FE0287BCAC1005EA0CD /* DataItem.swift */; };
		F2806FE4287BCAFF005EA0CD /* HeaderView.swift in Sources */ = {isa = PBXBuildFile; fileRef = F2806FE3287BCAFF005EA0CD /* HeaderView.swift */; };
/* End PBXBuildFile section */

/* Begin PBXFileReference section */
		A80AAF962876508400795C87 /* ShopAnnotationView.swift */ = {isa = PBXFileReference; lastKnownFileType = sourcecode.swift; path = ShopAnnotationView.swift; sourceTree = "<group>"; };
		A8CBA569287BAF3800BC2DC1 /* BakeryAnnotationView.swift */ = {isa = PBXFileReference; fileEncoding = 4; lastKnownFileType = sourcecode.swift; path = BakeryAnnotationView.swift; sourceTree = "<group>"; };
		A8CBA56A287BAF3800BC2DC1 /* ChineseFoodAnnotationView.swift */ = {isa = PBXFileReference; fileEncoding = 4; lastKnownFileType = sourcecode.swift; path = ChineseFoodAnnotationView.swift; sourceTree = "<group>"; };
		A8CBA56B287BAF3800BC2DC1 /* FlourBasedFoodAnnotationView.swift */ = {isa = PBXFileReference; fileEncoding = 4; lastKnownFileType = sourcecode.swift; path = FlourBasedFoodAnnotationView.swift; sourceTree = "<group>"; };
		A8CBA56C287BAF3800BC2DC1 /* BathAnnotationView.swift */ = {isa = PBXFileReference; fileEncoding = 4; lastKnownFileType = sourcecode.swift; path = BathAnnotationView.swift; sourceTree = "<group>"; };
		A8CBA56D287BAF3800BC2DC1 /* JapaneseFoodAnnotationView.swift */ = {isa = PBXFileReference; fileEncoding = 4; lastKnownFileType = sourcecode.swift; path = JapaneseFoodAnnotationView.swift; sourceTree = "<group>"; };
		A8CBA56F287BAF3800BC2DC1 /* CafeAnnotationView.swift */ = {isa = PBXFileReference; fileEncoding = 4; lastKnownFileType = sourcecode.swift; path = CafeAnnotationView.swift; sourceTree = "<group>"; };
		A8CBA570287BAF3800BC2DC1 /* SkinCareAnnotationView.swift */ = {isa = PBXFileReference; fileEncoding = 4; lastKnownFileType = sourcecode.swift; path = SkinCareAnnotationView.swift; sourceTree = "<group>"; };
		A8CBA571287BAF3800BC2DC1 /* KoreanFoodAnnotationView.swift */ = {isa = PBXFileReference; fileEncoding = 4; lastKnownFileType = sourcecode.swift; path = KoreanFoodAnnotationView.swift; sourceTree = "<group>"; };
		A8CBA572287BAF3800BC2DC1 /* ClusteringAnnotationView.swift */ = {isa = PBXFileReference; fileEncoding = 4; lastKnownFileType = sourcecode.swift; path = ClusteringAnnotationView.swift; sourceTree = "<group>"; };
		A8CBA573287BAF3800BC2DC1 /* CleaningAnnotationView.swift */ = {isa = PBXFileReference; fileEncoding = 4; lastKnownFileType = sourcecode.swift; path = CleaningAnnotationView.swift; sourceTree = "<group>"; };
		A8CBA574287BAF3800BC2DC1 /* WesternFoodAnnotationView.swift */ = {isa = PBXFileReference; fileEncoding = 4; lastKnownFileType = sourcecode.swift; path = WesternFoodAnnotationView.swift; sourceTree = "<group>"; };
		A8CBA575287BAF3800BC2DC1 /* HairCutAnnotationView.swift */ = {isa = PBXFileReference; fileEncoding = 4; lastKnownFileType = sourcecode.swift; path = HairCutAnnotationView.swift; sourceTree = "<group>"; };
		A8E74E69286BFA8A000DB2B8 /* DaeguGoodPriceShop.app */ = {isa = PBXFileReference; explicitFileType = wrapper.application; includeInIndex = 0; path = DaeguGoodPriceShop.app; sourceTree = BUILT_PRODUCTS_DIR; };
		A8E74E6C286BFA8A000DB2B8 /* AppDelegate.swift */ = {isa = PBXFileReference; lastKnownFileType = sourcecode.swift; path = AppDelegate.swift; sourceTree = "<group>"; };
		A8E74E6E286BFA8A000DB2B8 /* SceneDelegate.swift */ = {isa = PBXFileReference; lastKnownFileType = sourcecode.swift; path = SceneDelegate.swift; sourceTree = "<group>"; };
		A8E74E70286BFA8A000DB2B8 /* MapViewController.swift */ = {isa = PBXFileReference; lastKnownFileType = sourcecode.swift; path = MapViewController.swift; sourceTree = "<group>"; };
		A8E74E73286BFA8A000DB2B8 /* Base */ = {isa = PBXFileReference; lastKnownFileType = file.storyboard; name = Base; path = Base.lproj/Main.storyboard; sourceTree = "<group>"; };
		A8E74E75286BFA8B000DB2B8 /* Assets.xcassets */ = {isa = PBXFileReference; lastKnownFileType = folder.assetcatalog; path = Assets.xcassets; sourceTree = "<group>"; };
		A8E74E78286BFA8B000DB2B8 /* Base */ = {isa = PBXFileReference; lastKnownFileType = file.storyboard; name = Base; path = Base.lproj/LaunchScreen.storyboard; sourceTree = "<group>"; };
		A8E74E7A286BFA8B000DB2B8 /* Info.plist */ = {isa = PBXFileReference; lastKnownFileType = text.plist.xml; path = Info.plist; sourceTree = "<group>"; };
		A8E74E85286BFB90000DB2B8 /* MapViewModel.swift */ = {isa = PBXFileReference; lastKnownFileType = sourcecode.swift; path = MapViewModel.swift; sourceTree = "<group>"; };
		A8E74E87286BFBA5000DB2B8 /* MapModel.swift */ = {isa = PBXFileReference; lastKnownFileType = sourcecode.swift; path = MapModel.swift; sourceTree = "<group>"; };
		A8E74E89286BFBB5000DB2B8 /* Shop.swift */ = {isa = PBXFileReference; lastKnownFileType = sourcecode.swift; path = Shop.swift; sourceTree = "<group>"; };
		DA34E7052873C7630038EDE4 /* ShopCategory.swift */ = {isa = PBXFileReference; lastKnownFileType = sourcecode.swift; path = ShopCategory.swift; sourceTree = "<group>"; };
		DA34E7082873D9DD0038EDE4 /* LocationManager.swift */ = {isa = PBXFileReference; lastKnownFileType = sourcecode.swift; path = LocationManager.swift; sourceTree = "<group>"; };
		DA34E70A2873DBDC0038EDE4 /* ShopAnnotation.swift */ = {isa = PBXFileReference; lastKnownFileType = sourcecode.swift; path = ShopAnnotation.swift; sourceTree = "<group>"; };
		DA4A1985287A9583004E019F /* ModalViewController.swift */ = {isa = PBXFileReference; lastKnownFileType = sourcecode.swift; path = ModalViewController.swift; sourceTree = "<group>"; };
		DA4A1987287A9596004E019F /* DefaultModalViewController.swift */ = {isa = PBXFileReference; lastKnownFileType = sourcecode.swift; path = DefaultModalViewController.swift; sourceTree = "<group>"; };
		DA4A1989287A95B0004E019F /* DetailModalViewController.swift */ = {isa = PBXFileReference; lastKnownFileType = sourcecode.swift; path = DetailModalViewController.swift; sourceTree = "<group>"; };
		DA4A198B287A95C4004E019F /* CategoryModalViewController.swift */ = {isa = PBXFileReference; lastKnownFileType = sourcecode.swift; path = CategoryModalViewController.swift; sourceTree = "<group>"; };
		DA4A198D287A95D9004E019F /* ModalHeight.swift */ = {isa = PBXFileReference; lastKnownFileType = sourcecode.swift; path = ModalHeight.swift; sourceTree = "<group>"; };
		DAB60439286C26D20039C969 /* DaeguGoodPriceShop.json */ = {isa = PBXFileReference; fileEncoding = 4; lastKnownFileType = text.json; path = DaeguGoodPriceShop.json; sourceTree = "<group>"; };
		F240E3FC287C55850033A8FA /* DetailCategoryViewCell.swift */ = {isa = PBXFileReference; lastKnownFileType = sourcecode.swift; path = DetailCategoryViewCell.swift; sourceTree = "<group>"; };
		F2806FE0287BCAC1005EA0CD /* DataItem.swift */ = {isa = PBXFileReference; lastKnownFileType = sourcecode.swift; path = DataItem.swift; sourceTree = "<group>"; };
		F2806FE3287BCAFF005EA0CD /* HeaderView.swift */ = {isa = PBXFileReference; lastKnownFileType = sourcecode.swift; path = HeaderView.swift; sourceTree = "<group>"; };
/* End PBXFileReference section */

/* Begin PBXFrameworksBuildPhase section */
		A8E74E66286BFA8A000DB2B8 /* Frameworks */ = {
			isa = PBXFrameworksBuildPhase;
			buildActionMask = 2147483647;
			files = (
			);
			runOnlyForDeploymentPostprocessing = 0;
		};
/* End PBXFrameworksBuildPhase section */

/* Begin PBXGroup section */
		A80AAF9C2877C71400795C87 /* AnnotationView */ = {
			isa = PBXGroup;
			children = (
				A8CBA569287BAF3800BC2DC1 /* BakeryAnnotationView.swift */,
				A8CBA56C287BAF3800BC2DC1 /* BathAnnotationView.swift */,
				A8CBA56F287BAF3800BC2DC1 /* CafeAnnotationView.swift */,
				A8CBA56A287BAF3800BC2DC1 /* ChineseFoodAnnotationView.swift */,
				A8CBA573287BAF3800BC2DC1 /* CleaningAnnotationView.swift */,
				A8CBA572287BAF3800BC2DC1 /* ClusteringAnnotationView.swift */,
				A8CBA56B287BAF3800BC2DC1 /* FlourBasedFoodAnnotationView.swift */,
				A8CBA575287BAF3800BC2DC1 /* HairCutAnnotationView.swift */,
				A8CBA56D287BAF3800BC2DC1 /* JapaneseFoodAnnotationView.swift */,
				A8CBA571287BAF3800BC2DC1 /* KoreanFoodAnnotationView.swift */,
				A8CBA570287BAF3800BC2DC1 /* SkinCareAnnotationView.swift */,
				A8CBA574287BAF3800BC2DC1 /* WesternFoodAnnotationView.swift */,
				A80AAF962876508400795C87 /* ShopAnnotationView.swift */,
			);
			path = AnnotationView;
			sourceTree = "<group>";
		};
		A8E74E60286BFA8A000DB2B8 = {
			isa = PBXGroup;
			children = (
				A8E74E6B286BFA8A000DB2B8 /* DaeguGoodPriceShop */,
				A8E74E6A286BFA8A000DB2B8 /* Products */,
			);
			sourceTree = "<group>";
		};
		A8E74E6A286BFA8A000DB2B8 /* Products */ = {
			isa = PBXGroup;
			children = (
				A8E74E69286BFA8A000DB2B8 /* DaeguGoodPriceShop.app */,
			);
			name = Products;
			sourceTree = "<group>";
		};
		A8E74E6B286BFA8A000DB2B8 /* DaeguGoodPriceShop */ = {
			isa = PBXGroup;
			children = (
				DA34E7072873D9CC0038EDE4 /* Manager */,
				DAB60438286C26C50039C969 /* Resource */,
				A8E74E80286BFAAE000DB2B8 /* Application */,
				A8E74E81286BFAFD000DB2B8 /* View */,
				A8E74E82286BFB23000DB2B8 /* ViewModel */,
				A8E74E83286BFB2C000DB2B8 /* Model */,
				A8E74E84286BFB32000DB2B8 /* Entity */,
			);
			path = DaeguGoodPriceShop;
			sourceTree = "<group>";
		};
		A8E74E80286BFAAE000DB2B8 /* Application */ = {
			isa = PBXGroup;
			children = (
				A8E74E6C286BFA8A000DB2B8 /* AppDelegate.swift */,
				A8E74E6E286BFA8A000DB2B8 /* SceneDelegate.swift */,
				A8E74E72286BFA8A000DB2B8 /* Main.storyboard */,
				A8E74E75286BFA8B000DB2B8 /* Assets.xcassets */,
				A8E74E77286BFA8B000DB2B8 /* LaunchScreen.storyboard */,
				A8E74E7A286BFA8B000DB2B8 /* Info.plist */,
			);
			path = Application;
			sourceTree = "<group>";
		};
		A8E74E81286BFAFD000DB2B8 /* View */ = {
			isa = PBXGroup;
			children = (
				F2806FE2287BCAF2005EA0CD /* Shared */,
				DA4A1984287A956B004E019F /* ModalViewController */,
				A80AAF9C2877C71400795C87 /* AnnotationView */,
				A8E74E70286BFA8A000DB2B8 /* MapViewController.swift */,
			);
			path = View;
			sourceTree = "<group>";
		};
		A8E74E82286BFB23000DB2B8 /* ViewModel */ = {
			isa = PBXGroup;
			children = (
				A8E74E85286BFB90000DB2B8 /* MapViewModel.swift */,
			);
			path = ViewModel;
			sourceTree = "<group>";
		};
		A8E74E83286BFB2C000DB2B8 /* Model */ = {
			isa = PBXGroup;
			children = (
				A8E74E87286BFBA5000DB2B8 /* MapModel.swift */,
				DA34E70A2873DBDC0038EDE4 /* ShopAnnotation.swift */,
			);
			path = Model;
			sourceTree = "<group>";
		};
		A8E74E84286BFB32000DB2B8 /* Entity */ = {
			isa = PBXGroup;
			children = (
				A8E74E89286BFBB5000DB2B8 /* Shop.swift */,
				DA34E7052873C7630038EDE4 /* ShopCategory.swift */,
				DA4A198D287A95D9004E019F /* ModalHeight.swift */,
				F2806FE0287BCAC1005EA0CD /* DataItem.swift */,
			);
			path = Entity;
			sourceTree = "<group>";
		};
		DA34E7072873D9CC0038EDE4 /* Manager */ = {
			isa = PBXGroup;
			children = (
				DA34E7082873D9DD0038EDE4 /* LocationManager.swift */,
			);
			path = Manager;
			sourceTree = "<group>";
		};
		DA4A1984287A956B004E019F /* ModalViewController */ = {
			isa = PBXGroup;
			children = (
				DA4A1985287A9583004E019F /* ModalViewController.swift */,
				F240E3F9287C54A00033A8FA /* ModalCollectionViewCell */,
				DA4A1987287A9596004E019F /* DefaultModalViewController.swift */,
				DA4A1989287A95B0004E019F /* DetailModalViewController.swift */,
				DA4A198B287A95C4004E019F /* CategoryModalViewController.swift */,
			);
			path = ModalViewController;
			sourceTree = "<group>";
		};
		DAB60438286C26C50039C969 /* Resource */ = {
			isa = PBXGroup;
			children = (
				DAB60439286C26D20039C969 /* DaeguGoodPriceShop.json */,
			);
			path = Resource;
			sourceTree = "<group>";
		};
		F240E3F9287C54A00033A8FA /* ModalCollectionViewCell */ = {
			isa = PBXGroup;
			children = (
				F240E3FC287C55850033A8FA /* DetailCategoryViewCell.swift */,
			);
			path = ModalCollectionViewCell;
			sourceTree = "<group>";
		};
		F2806FE2287BCAF2005EA0CD /* Shared */ = {
			isa = PBXGroup;
			children = (
				F2806FE3287BCAFF005EA0CD /* HeaderView.swift */,
			);
			path = Shared;
			sourceTree = "<group>";
		};
/* End PBXGroup section */

/* Begin PBXNativeTarget section */
		A8E74E68286BFA8A000DB2B8 /* DaeguGoodPriceShop */ = {
			isa = PBXNativeTarget;
			buildConfigurationList = A8E74E7D286BFA8B000DB2B8 /* Build configuration list for PBXNativeTarget "DaeguGoodPriceShop" */;
			buildPhases = (
				A8E74E65286BFA8A000DB2B8 /* Sources */,
				A8E74E66286BFA8A000DB2B8 /* Frameworks */,
				A8E74E67286BFA8A000DB2B8 /* Resources */,
			);
			buildRules = (
			);
			dependencies = (
			);
			name = DaeguGoodPriceShop;
			productName = DaeguGoodPriceShop;
			productReference = A8E74E69286BFA8A000DB2B8 /* DaeguGoodPriceShop.app */;
			productType = "com.apple.product-type.application";
		};
/* End PBXNativeTarget section */

/* Begin PBXProject section */
		A8E74E61286BFA8A000DB2B8 /* Project object */ = {
			isa = PBXProject;
			attributes = {
				BuildIndependentTargetsInParallel = 1;
				LastSwiftUpdateCheck = 1340;
				LastUpgradeCheck = 1340;
				TargetAttributes = {
					A8E74E68286BFA8A000DB2B8 = {
						CreatedOnToolsVersion = 13.4.1;
					};
				};
			};
			buildConfigurationList = A8E74E64286BFA8A000DB2B8 /* Build configuration list for PBXProject "DaeguGoodPriceShop" */;
			compatibilityVersion = "Xcode 13.0";
			developmentRegion = en;
			hasScannedForEncodings = 0;
			knownRegions = (
				en,
				Base,
			);
			mainGroup = A8E74E60286BFA8A000DB2B8;
			productRefGroup = A8E74E6A286BFA8A000DB2B8 /* Products */;
			projectDirPath = "";
			projectRoot = "";
			targets = (
				A8E74E68286BFA8A000DB2B8 /* DaeguGoodPriceShop */,
			);
		};
/* End PBXProject section */

/* Begin PBXResourcesBuildPhase section */
		A8E74E67286BFA8A000DB2B8 /* Resources */ = {
			isa = PBXResourcesBuildPhase;
			buildActionMask = 2147483647;
			files = (
				A8E74E79286BFA8B000DB2B8 /* LaunchScreen.storyboard in Resources */,
				A8E74E76286BFA8B000DB2B8 /* Assets.xcassets in Resources */,
				A8E74E74286BFA8A000DB2B8 /* Main.storyboard in Resources */,
				DAB6043A286C26D20039C969 /* DaeguGoodPriceShop.json in Resources */,
			);
			runOnlyForDeploymentPostprocessing = 0;
		};
/* End PBXResourcesBuildPhase section */

/* Begin PBXSourcesBuildPhase section */
		A8E74E65286BFA8A000DB2B8 /* Sources */ = {
			isa = PBXSourcesBuildPhase;
			buildActionMask = 2147483647;
			files = (
				A8E74E71286BFA8A000DB2B8 /* MapViewController.swift in Sources */,
				DA34E70B2873DBDC0038EDE4 /* ShopAnnotation.swift in Sources */,
				A8E74E88286BFBA5000DB2B8 /* MapModel.swift in Sources */,
				A8CBA57D287BAF3800BC2DC1 /* SkinCareAnnotationView.swift in Sources */,
				DA4A1986287A9583004E019F /* ModalViewController.swift in Sources */,
				A8CBA57C287BAF3800BC2DC1 /* CafeAnnotationView.swift in Sources */,
				A8CBA57A287BAF3800BC2DC1 /* JapaneseFoodAnnotationView.swift in Sources */,
				A8CBA578287BAF3800BC2DC1 /* FlourBasedFoodAnnotationView.swift in Sources */,
				DA4A198C287A95C4004E019F /* CategoryModalViewController.swift in Sources */,
				A8CBA581287BAF3800BC2DC1 /* WesternFoodAnnotationView.swift in Sources */,
				A8E74E6D286BFA8A000DB2B8 /* AppDelegate.swift in Sources */,
				A8CBA577287BAF3800BC2DC1 /* ChineseFoodAnnotationView.swift in Sources */,
				A80AAF972876508400795C87 /* ShopAnnotationView.swift in Sources */,
				A8E74E8A286BFBB5000DB2B8 /* Shop.swift in Sources */,
				DA4A1988287A9596004E019F /* DefaultModalViewController.swift in Sources */,
				F240E3FD287C55850033A8FA /* DetailCategoryViewCell.swift in Sources */,
				A8CBA582287BAF3800BC2DC1 /* HairCutAnnotationView.swift in Sources */,
				A8CBA57E287BAF3800BC2DC1 /* KoreanFoodAnnotationView.swift in Sources */,
				A8CBA576287BAF3800BC2DC1 /* BakeryAnnotationView.swift in Sources */,
				DA4A198E287A95D9004E019F /* ModalHeight.swift in Sources */,
				A8CBA580287BAF3800BC2DC1 /* CleaningAnnotationView.swift in Sources */,
				F2806FE4287BCAFF005EA0CD /* HeaderView.swift in Sources */,
				DA34E7092873D9DD0038EDE4 /* LocationManager.swift in Sources */,
				A8CBA579287BAF3800BC2DC1 /* BathAnnotationView.swift in Sources */,
				F2806FE1287BCAC1005EA0CD /* DataItem.swift in Sources */,
				A8CBA57F287BAF3800BC2DC1 /* ClusteringAnnotationView.swift in Sources */,
				DA4A198A287A95B0004E019F /* DetailModalViewController.swift in Sources */,
				DA34E7062873C7640038EDE4 /* ShopCategory.swift in Sources */,
				A8E74E6F286BFA8A000DB2B8 /* SceneDelegate.swift in Sources */,
				A8E74E86286BFB90000DB2B8 /* MapViewModel.swift in Sources */,
			);
			runOnlyForDeploymentPostprocessing = 0;
		};
/* End PBXSourcesBuildPhase section */

/* Begin PBXVariantGroup section */
		A8E74E72286BFA8A000DB2B8 /* Main.storyboard */ = {
			isa = PBXVariantGroup;
			children = (
				A8E74E73286BFA8A000DB2B8 /* Base */,
			);
			name = Main.storyboard;
			sourceTree = "<group>";
		};
		A8E74E77286BFA8B000DB2B8 /* LaunchScreen.storyboard */ = {
			isa = PBXVariantGroup;
			children = (
				A8E74E78286BFA8B000DB2B8 /* Base */,
			);
			name = LaunchScreen.storyboard;
			sourceTree = "<group>";
		};
/* End PBXVariantGroup section */

/* Begin XCBuildConfiguration section */
		A8E74E7B286BFA8B000DB2B8 /* Debug */ = {
			isa = XCBuildConfiguration;
			buildSettings = {
				ALWAYS_SEARCH_USER_PATHS = NO;
				CLANG_ANALYZER_NONNULL = YES;
				CLANG_ANALYZER_NUMBER_OBJECT_CONVERSION = YES_AGGRESSIVE;
				CLANG_CXX_LANGUAGE_STANDARD = "gnu++17";
				CLANG_ENABLE_MODULES = YES;
				CLANG_ENABLE_OBJC_ARC = YES;
				CLANG_ENABLE_OBJC_WEAK = YES;
				CLANG_WARN_BLOCK_CAPTURE_AUTORELEASING = YES;
				CLANG_WARN_BOOL_CONVERSION = YES;
				CLANG_WARN_COMMA = YES;
				CLANG_WARN_CONSTANT_CONVERSION = YES;
				CLANG_WARN_DEPRECATED_OBJC_IMPLEMENTATIONS = YES;
				CLANG_WARN_DIRECT_OBJC_ISA_USAGE = YES_ERROR;
				CLANG_WARN_DOCUMENTATION_COMMENTS = YES;
				CLANG_WARN_EMPTY_BODY = YES;
				CLANG_WARN_ENUM_CONVERSION = YES;
				CLANG_WARN_INFINITE_RECURSION = YES;
				CLANG_WARN_INT_CONVERSION = YES;
				CLANG_WARN_NON_LITERAL_NULL_CONVERSION = YES;
				CLANG_WARN_OBJC_IMPLICIT_RETAIN_SELF = YES;
				CLANG_WARN_OBJC_LITERAL_CONVERSION = YES;
				CLANG_WARN_OBJC_ROOT_CLASS = YES_ERROR;
				CLANG_WARN_QUOTED_INCLUDE_IN_FRAMEWORK_HEADER = YES;
				CLANG_WARN_RANGE_LOOP_ANALYSIS = YES;
				CLANG_WARN_STRICT_PROTOTYPES = YES;
				CLANG_WARN_SUSPICIOUS_MOVE = YES;
				CLANG_WARN_UNGUARDED_AVAILABILITY = YES_AGGRESSIVE;
				CLANG_WARN_UNREACHABLE_CODE = YES;
				CLANG_WARN__DUPLICATE_METHOD_MATCH = YES;
				COPY_PHASE_STRIP = NO;
				DEBUG_INFORMATION_FORMAT = dwarf;
				ENABLE_STRICT_OBJC_MSGSEND = YES;
				ENABLE_TESTABILITY = YES;
				GCC_C_LANGUAGE_STANDARD = gnu11;
				GCC_DYNAMIC_NO_PIC = NO;
				GCC_NO_COMMON_BLOCKS = YES;
				GCC_OPTIMIZATION_LEVEL = 0;
				GCC_PREPROCESSOR_DEFINITIONS = (
					"DEBUG=1",
					"$(inherited)",
				);
				GCC_WARN_64_TO_32_BIT_CONVERSION = YES;
				GCC_WARN_ABOUT_RETURN_TYPE = YES_ERROR;
				GCC_WARN_UNDECLARED_SELECTOR = YES;
				GCC_WARN_UNINITIALIZED_AUTOS = YES_AGGRESSIVE;
				GCC_WARN_UNUSED_FUNCTION = YES;
				GCC_WARN_UNUSED_VARIABLE = YES;
				IPHONEOS_DEPLOYMENT_TARGET = 14.0;
				MTL_ENABLE_DEBUG_INFO = INCLUDE_SOURCE;
				MTL_FAST_MATH = YES;
				ONLY_ACTIVE_ARCH = YES;
				SDKROOT = iphoneos;
				SWIFT_ACTIVE_COMPILATION_CONDITIONS = DEBUG;
				SWIFT_OPTIMIZATION_LEVEL = "-Onone";
			};
			name = Debug;
		};
		A8E74E7C286BFA8B000DB2B8 /* Release */ = {
			isa = XCBuildConfiguration;
			buildSettings = {
				ALWAYS_SEARCH_USER_PATHS = NO;
				CLANG_ANALYZER_NONNULL = YES;
				CLANG_ANALYZER_NUMBER_OBJECT_CONVERSION = YES_AGGRESSIVE;
				CLANG_CXX_LANGUAGE_STANDARD = "gnu++17";
				CLANG_ENABLE_MODULES = YES;
				CLANG_ENABLE_OBJC_ARC = YES;
				CLANG_ENABLE_OBJC_WEAK = YES;
				CLANG_WARN_BLOCK_CAPTURE_AUTORELEASING = YES;
				CLANG_WARN_BOOL_CONVERSION = YES;
				CLANG_WARN_COMMA = YES;
				CLANG_WARN_CONSTANT_CONVERSION = YES;
				CLANG_WARN_DEPRECATED_OBJC_IMPLEMENTATIONS = YES;
				CLANG_WARN_DIRECT_OBJC_ISA_USAGE = YES_ERROR;
				CLANG_WARN_DOCUMENTATION_COMMENTS = YES;
				CLANG_WARN_EMPTY_BODY = YES;
				CLANG_WARN_ENUM_CONVERSION = YES;
				CLANG_WARN_INFINITE_RECURSION = YES;
				CLANG_WARN_INT_CONVERSION = YES;
				CLANG_WARN_NON_LITERAL_NULL_CONVERSION = YES;
				CLANG_WARN_OBJC_IMPLICIT_RETAIN_SELF = YES;
				CLANG_WARN_OBJC_LITERAL_CONVERSION = YES;
				CLANG_WARN_OBJC_ROOT_CLASS = YES_ERROR;
				CLANG_WARN_QUOTED_INCLUDE_IN_FRAMEWORK_HEADER = YES;
				CLANG_WARN_RANGE_LOOP_ANALYSIS = YES;
				CLANG_WARN_STRICT_PROTOTYPES = YES;
				CLANG_WARN_SUSPICIOUS_MOVE = YES;
				CLANG_WARN_UNGUARDED_AVAILABILITY = YES_AGGRESSIVE;
				CLANG_WARN_UNREACHABLE_CODE = YES;
				CLANG_WARN__DUPLICATE_METHOD_MATCH = YES;
				COPY_PHASE_STRIP = NO;
				DEBUG_INFORMATION_FORMAT = "dwarf-with-dsym";
				ENABLE_NS_ASSERTIONS = NO;
				ENABLE_STRICT_OBJC_MSGSEND = YES;
				GCC_C_LANGUAGE_STANDARD = gnu11;
				GCC_NO_COMMON_BLOCKS = YES;
				GCC_WARN_64_TO_32_BIT_CONVERSION = YES;
				GCC_WARN_ABOUT_RETURN_TYPE = YES_ERROR;
				GCC_WARN_UNDECLARED_SELECTOR = YES;
				GCC_WARN_UNINITIALIZED_AUTOS = YES_AGGRESSIVE;
				GCC_WARN_UNUSED_FUNCTION = YES;
				GCC_WARN_UNUSED_VARIABLE = YES;
				IPHONEOS_DEPLOYMENT_TARGET = 14.0;
				MTL_ENABLE_DEBUG_INFO = NO;
				MTL_FAST_MATH = YES;
				SDKROOT = iphoneos;
				SWIFT_COMPILATION_MODE = wholemodule;
				SWIFT_OPTIMIZATION_LEVEL = "-O";
				VALIDATE_PRODUCT = YES;
			};
			name = Release;
		};
		A8E74E7E286BFA8B000DB2B8 /* Debug */ = {
			isa = XCBuildConfiguration;
			buildSettings = {
				ASSETCATALOG_COMPILER_APPICON_NAME = AppIcon;
				ASSETCATALOG_COMPILER_GLOBAL_ACCENT_COLOR_NAME = AccentColor;
				CODE_SIGN_STYLE = Automatic;
				CURRENT_PROJECT_VERSION = 1;
				DEVELOPMENT_TEAM = 78F54XW75V;
				GENERATE_INFOPLIST_FILE = YES;
				INFOPLIST_FILE = DaeguGoodPriceShop/Application/Info.plist;
				INFOPLIST_KEY_UIApplicationSupportsIndirectInputEvents = YES;
				INFOPLIST_KEY_UILaunchStoryboardName = LaunchScreen;
				INFOPLIST_KEY_UIMainStoryboardFile = Main;
				INFOPLIST_KEY_UISupportedInterfaceOrientations_iPad = "UIInterfaceOrientationPortrait UIInterfaceOrientationPortraitUpsideDown UIInterfaceOrientationLandscapeLeft UIInterfaceOrientationLandscapeRight";
				INFOPLIST_KEY_UISupportedInterfaceOrientations_iPhone = "UIInterfaceOrientationPortrait UIInterfaceOrientationLandscapeLeft UIInterfaceOrientationLandscapeRight";
				IPHONEOS_DEPLOYMENT_TARGET = 14.0;
				LD_RUNPATH_SEARCH_PATHS = (
					"$(inherited)",
					"@executable_path/Frameworks",
				);
				MARKETING_VERSION = 1.0;
				PRODUCT_BUNDLE_IDENTIFIER = com.Shin.DaeguGoodPriceShop;
				PRODUCT_NAME = "$(TARGET_NAME)";
				SWIFT_EMIT_LOC_STRINGS = YES;
				SWIFT_VERSION = 5.0;
				TARGETED_DEVICE_FAMILY = "1,2";
			};
			name = Debug;
		};
		A8E74E7F286BFA8B000DB2B8 /* Release */ = {
			isa = XCBuildConfiguration;
			buildSettings = {
				ASSETCATALOG_COMPILER_APPICON_NAME = AppIcon;
				ASSETCATALOG_COMPILER_GLOBAL_ACCENT_COLOR_NAME = AccentColor;
				CODE_SIGN_STYLE = Automatic;
				CURRENT_PROJECT_VERSION = 1;
				DEVELOPMENT_TEAM = 78F54XW75V;
				GENERATE_INFOPLIST_FILE = YES;
				INFOPLIST_FILE = DaeguGoodPriceShop/Application/Info.plist;
				INFOPLIST_KEY_UIApplicationSupportsIndirectInputEvents = YES;
				INFOPLIST_KEY_UILaunchStoryboardName = LaunchScreen;
				INFOPLIST_KEY_UIMainStoryboardFile = Main;
				INFOPLIST_KEY_UISupportedInterfaceOrientations_iPad = "UIInterfaceOrientationPortrait UIInterfaceOrientationPortraitUpsideDown UIInterfaceOrientationLandscapeLeft UIInterfaceOrientationLandscapeRight";
				INFOPLIST_KEY_UISupportedInterfaceOrientations_iPhone = "UIInterfaceOrientationPortrait UIInterfaceOrientationLandscapeLeft UIInterfaceOrientationLandscapeRight";
				IPHONEOS_DEPLOYMENT_TARGET = 14.0;
				LD_RUNPATH_SEARCH_PATHS = (
					"$(inherited)",
					"@executable_path/Frameworks",
				);
				MARKETING_VERSION = 1.0;
				PRODUCT_BUNDLE_IDENTIFIER = com.Shin.DaeguGoodPriceShop;
				PRODUCT_NAME = "$(TARGET_NAME)";
				SWIFT_EMIT_LOC_STRINGS = YES;
				SWIFT_VERSION = 5.0;
				TARGETED_DEVICE_FAMILY = "1,2";
			};
			name = Release;
		};
/* End XCBuildConfiguration section */

/* Begin XCConfigurationList section */
		A8E74E64286BFA8A000DB2B8 /* Build configuration list for PBXProject "DaeguGoodPriceShop" */ = {
			isa = XCConfigurationList;
			buildConfigurations = (
				A8E74E7B286BFA8B000DB2B8 /* Debug */,
				A8E74E7C286BFA8B000DB2B8 /* Release */,
			);
			defaultConfigurationIsVisible = 0;
			defaultConfigurationName = Release;
		};
		A8E74E7D286BFA8B000DB2B8 /* Build configuration list for PBXNativeTarget "DaeguGoodPriceShop" */ = {
			isa = XCConfigurationList;
			buildConfigurations = (
				A8E74E7E286BFA8B000DB2B8 /* Debug */,
				A8E74E7F286BFA8B000DB2B8 /* Release */,
			);
			defaultConfigurationIsVisible = 0;
			defaultConfigurationName = Release;
		};
/* End XCConfigurationList section */
	};
	rootObject = A8E74E61286BFA8A000DB2B8 /* Project object */;
}
